<?xml version="1.0" encoding="utf-8"?>
<Project ToolsVersion="4.0" xmlns="http://schemas.microsoft.com/developer/msbuild/2003">
  <ItemGroup>
    <Filter Include="Source Files">
      <UniqueIdentifier>{4FC737F1-C7A5-4376-A066-2A32D752A2FF}</UniqueIdentifier>
      <Extensions>cpp;c;cc;cxx;c++;cppm;ixx;def;odl;idl;hpj;bat;asm;asmx</Extensions>
    </Filter>
    <Filter Include="Header Files">
      <UniqueIdentifier>{93995380-89BD-4b04-88EB-625FBE52EBFB}</UniqueIdentifier>
      <Extensions>h;hh;hpp;hxx;h++;hm;inl;inc;ipp;xsd</Extensions>
    </Filter>
    <Filter Include="Resource Files">
      <UniqueIdentifier>{67DA6AB6-F800-4c08-8B7A-83BB121AAD01}</UniqueIdentifier>
      <Extensions>rc;ico;cur;bmp;dlg;rc2;rct;bin;rgs;gif;jpg;jpeg;jpe;resx;tiff;tif;png;wav;mfcribbon-ms</Extensions>
    </Filter>
  </ItemGroup>
  <ItemGroup>
    <ClCompile Include="main.cpp">
      <Filter>Source Files</Filter>
    </ClCompile>
    <ClCompile Include="EmergencyRover.cpp">
      <Filter>Source Files</Filter>
    </ClCompile>
    <ClCompile Include="MountainousRover.cpp">
      <Filter>Source Files</Filter>
    </ClCompile>
    <ClCompile Include="PolarRover.cpp">
      <Filter>Source Files</Filter>
    </ClCompile>
    <ClCompile Include="FormulationEvent.cpp">
      <Filter>Source Files</Filter>
    </ClCompile>
    <ClCompile Include="PromotionEvent.cpp">
      <Filter>Source Files</Filter>
    </ClCompile>
    <ClCompile Include="CancellationEvent.cpp">
      <Filter>Source Files</Filter>
    </ClCompile>
    <ClCompile Include="MountainousMission.cpp">
      <Filter>Source Files</Filter>
    </ClCompile>
    <ClCompile Include="PolarMission.cpp">
      <Filter>Source Files</Filter>
    </ClCompile>
    <ClCompile Include="EmergencyMission.cpp">
      <Filter>Source Files</Filter>
    </ClCompile>
    <ClCompile Include="UI.cpp">
      <Filter>Source Files</Filter>
    </ClCompile>
    <ClCompile Include="MarsStaion.cpp">
      <Filter>Source Files</Filter>
    </ClCompile>
    <ClCompile Include="Rover2.cpp">
      <Filter>Source Files</Filter>
    </ClCompile>
    <ClCompile Include="Mission.cpp">
      <Filter>Source Files</Filter>
    </ClCompile>
  </ItemGroup>
  <ItemGroup>
    <ClInclude Include="Rover.h">
      <Filter>Header Files</Filter>
    </ClInclude>
    <ClInclude Include="EmergencyRover.h">
      <Filter>Header Files</Filter>
    </ClInclude>
    <ClInclude Include="MountainousRover.h">
      <Filter>Header Files</Filter>
    </ClInclude>
    <ClInclude Include="PolarRover.h">
      <Filter>Header Files</Filter>
    </ClInclude>
    <ClInclude Include="Event.h">
      <Filter>Header Files</Filter>
    </ClInclude>
    <ClInclude Include="FormulationEvent.h">
      <Filter>Header Files</Filter>
    </ClInclude>
    <ClInclude Include="PromotionEvent.h">
      <Filter>Header Files</Filter>
    </ClInclude>
    <ClInclude Include="CancellationEvent.h">
      <Filter>Header Files</Filter>
    </ClInclude>
    <ClInclude Include="Node.h">
      <Filter>Header Files</Filter>
    </ClInclude>
    <ClInclude Include="QueueADT.h">
      <Filter>Header Files</Filter>
    </ClInclude>
    <ClInclude Include="LinkedQueue.h">
      <Filter>Header Files</Filter>
    </ClInclude>
    <ClInclude Include="PriorityQueueADT.h">
      <Filter>Header Files</Filter>
    </ClInclude>
    <ClInclude Include="LinkedPriorityQueue.h">
      <Filter>Header Files</Filter>
    </ClInclude>
    <ClInclude Include="UI.h">
      <Filter>Header Files</Filter>
    </ClInclude>
    <ClInclude Include="MarsStation.h">
      <Filter>Header Files</Filter>
    </ClInclude>
    <ClInclude Include="PolarMission.h">
      <Filter>Header Files</Filter>
    </ClInclude>
    <ClInclude Include="EmergencyMission.h">
      <Filter>Header Files</Filter>
    </ClInclude>
    <ClInclude Include="MountainousMission.h">
      <Filter>Header Files</Filter>
    </ClInclude>
    <ClInclude Include="Node_PQ.h">
      <Filter>Header Files</Filter>
    </ClInclude>
    <ClInclude Include="Mission.h">
      <Filter>Header Files</Filter>
    </ClInclude>
  </ItemGroup>
</Project>